// !$*UTF8*$!
{
	archiveVersion = 1;
	classes = {
	};
	objectVersion = 56;
	objects = {

/* Begin PBXBuildFile section */
		3DEAFF8F2B0F65F3004CAE97 /* AppDelegate.swift in Sources */ = {isa = PBXBuildFile; fileRef = 3DEAFF8E2B0F65F3004CAE97 /* AppDelegate.swift */; };
		3DEAFF912B0F65F3004CAE97 /* SceneDelegate.swift in Sources */ = {isa = PBXBuildFile; fileRef = 3DEAFF902B0F65F3004CAE97 /* SceneDelegate.swift */; };
		3DEAFF932B0F65F3004CAE97 /* MainViewController.swift in Sources */ = {isa = PBXBuildFile; fileRef = 3DEAFF922B0F65F3004CAE97 /* MainViewController.swift */; };
		3DEAFF982B0F65F4004CAE97 /* Assets.xcassets in Resources */ = {isa = PBXBuildFile; fileRef = 3DEAFF972B0F65F4004CAE97 /* Assets.xcassets */; };
		3DEAFF9B2B0F65F4004CAE97 /* LaunchScreen.storyboard in Resources */ = {isa = PBXBuildFile; fileRef = 3DEAFF992B0F65F4004CAE97 /* LaunchScreen.storyboard */; };
		3DEAFFA92B0F6713004CAE97 /* Resources.swift in Sources */ = {isa = PBXBuildFile; fileRef = 3DEAFFA82B0F6713004CAE97 /* Resources.swift */; };
		3DEAFFAC2B0F7651004CAE97 /* BaseView.swift in Sources */ = {isa = PBXBuildFile; fileRef = 3DEAFFAA2B0F7651004CAE97 /* BaseView.swift */; };
		3DEAFFAD2B0F7651004CAE97 /* BaseController.swift in Sources */ = {isa = PBXBuildFile; fileRef = 3DEAFFAB2B0F7651004CAE97 /* BaseController.swift */; };
		3DEAFFAF2B0F766E004CAE97 /* Assembly.swift in Sources */ = {isa = PBXBuildFile; fileRef = 3DEAFFAE2B0F766E004CAE97 /* Assembly.swift */; };
		3DEAFFB12B0F7770004CAE97 /* MainViewModel.swift in Sources */ = {isa = PBXBuildFile; fileRef = 3DEAFFB02B0F7770004CAE97 /* MainViewModel.swift */; };
		3DEAFFB42B0F7F2A004CAE97 /* UIView+Extension.swift in Sources */ = {isa = PBXBuildFile; fileRef = 3DEAFFB32B0F7F2A004CAE97 /* UIView+Extension.swift */; };
		3DEAFFB62B0F80C8004CAE97 /* MainTableViewCell.swift in Sources */ = {isa = PBXBuildFile; fileRef = 3DEAFFB52B0F80C8004CAE97 /* MainTableViewCell.swift */; };
		3DEAFFB92B0F80E0004CAE97 /* BaseCell.swift in Sources */ = {isa = PBXBuildFile; fileRef = 3DEAFFB82B0F80E0004CAE97 /* BaseCell.swift */; };
		3DEAFFC12B1092C4004CAE97 /* RoundedRecButtonView.swift in Sources */ = {isa = PBXBuildFile; fileRef = 3DEAFFC02B1092C4004CAE97 /* RoundedRecButtonView.swift */; };
		3DEAFFC32B109B6D004CAE97 /* UINavigationController+Extension.swift in Sources */ = {isa = PBXBuildFile; fileRef = 3DEAFFC22B109B6D004CAE97 /* UINavigationController+Extension.swift */; };
		3DEAFFC62B10A265004CAE97 /* RecordingView.swift in Sources */ = {isa = PBXBuildFile; fileRef = 3DEAFFC52B10A265004CAE97 /* RecordingView.swift */; };
		3DEAFFC82B10D5B9004CAE97 /* RecordViewModel.swift in Sources */ = {isa = PBXBuildFile; fileRef = 3DEAFFC72B10D5B9004CAE97 /* RecordViewModel.swift */; };
		3DEAFFCB2B14B60D004CAE97 /* Record.swift in Sources */ = {isa = PBXBuildFile; fileRef = 3DEAFFCA2B14B60D004CAE97 /* Record.swift */; };
		3DEAFFCD2B14B884004CAE97 /* StorageService.swift in Sources */ = {isa = PBXBuildFile; fileRef = 3DEAFFCC2B14B884004CAE97 /* StorageService.swift */; };
		3DEAFFCF2B14D236004CAE97 /* Section.swift in Sources */ = {isa = PBXBuildFile; fileRef = 3DEAFFCE2B14D236004CAE97 /* Section.swift */; };
		3DEAFFD22B15F54D004CAE97 /* Formatter.swift in Sources */ = {isa = PBXBuildFile; fileRef = 3DEAFFD12B15F54D004CAE97 /* Formatter.swift */; };
/* End PBXBuildFile section */

/* Begin PBXFileReference section */
		3DEAFF8B2B0F65F3004CAE97 /* WaveRecorder.app */ = {isa = PBXFileReference; explicitFileType = wrapper.application; includeInIndex = 0; path = WaveRecorder.app; sourceTree = BUILT_PRODUCTS_DIR; };
		3DEAFF8E2B0F65F3004CAE97 /* AppDelegate.swift */ = {isa = PBXFileReference; lastKnownFileType = sourcecode.swift; path = AppDelegate.swift; sourceTree = "<group>"; };
		3DEAFF902B0F65F3004CAE97 /* SceneDelegate.swift */ = {isa = PBXFileReference; lastKnownFileType = sourcecode.swift; path = SceneDelegate.swift; sourceTree = "<group>"; };
		3DEAFF922B0F65F3004CAE97 /* MainViewController.swift */ = {isa = PBXFileReference; lastKnownFileType = sourcecode.swift; path = MainViewController.swift; sourceTree = "<group>"; };
		3DEAFF972B0F65F4004CAE97 /* Assets.xcassets */ = {isa = PBXFileReference; lastKnownFileType = folder.assetcatalog; path = Assets.xcassets; sourceTree = "<group>"; };
		3DEAFF9A2B0F65F4004CAE97 /* Base */ = {isa = PBXFileReference; lastKnownFileType = file.storyboard; name = Base; path = Base.lproj/LaunchScreen.storyboard; sourceTree = "<group>"; };
		3DEAFF9C2B0F65F4004CAE97 /* Info.plist */ = {isa = PBXFileReference; lastKnownFileType = text.plist.xml; path = Info.plist; sourceTree = "<group>"; };
		3DEAFFA82B0F6713004CAE97 /* Resources.swift */ = {isa = PBXFileReference; lastKnownFileType = sourcecode.swift; path = Resources.swift; sourceTree = "<group>"; };
		3DEAFFAA2B0F7651004CAE97 /* BaseView.swift */ = {isa = PBXFileReference; fileEncoding = 4; lastKnownFileType = sourcecode.swift; path = BaseView.swift; sourceTree = "<group>"; };
		3DEAFFAB2B0F7651004CAE97 /* BaseController.swift */ = {isa = PBXFileReference; fileEncoding = 4; lastKnownFileType = sourcecode.swift; path = BaseController.swift; sourceTree = "<group>"; };
		3DEAFFAE2B0F766E004CAE97 /* Assembly.swift */ = {isa = PBXFileReference; fileEncoding = 4; lastKnownFileType = sourcecode.swift; path = Assembly.swift; sourceTree = "<group>"; };
		3DEAFFB02B0F7770004CAE97 /* MainViewModel.swift */ = {isa = PBXFileReference; lastKnownFileType = sourcecode.swift; path = MainViewModel.swift; sourceTree = "<group>"; };
		3DEAFFB32B0F7F2A004CAE97 /* UIView+Extension.swift */ = {isa = PBXFileReference; fileEncoding = 4; lastKnownFileType = sourcecode.swift; path = "UIView+Extension.swift"; sourceTree = "<group>"; };
		3DEAFFB52B0F80C8004CAE97 /* MainTableViewCell.swift */ = {isa = PBXFileReference; lastKnownFileType = sourcecode.swift; path = MainTableViewCell.swift; sourceTree = "<group>"; };
		3DEAFFB82B0F80E0004CAE97 /* BaseCell.swift */ = {isa = PBXFileReference; fileEncoding = 4; lastKnownFileType = sourcecode.swift; path = BaseCell.swift; sourceTree = "<group>"; };
		3DEAFFC02B1092C4004CAE97 /* RoundedRecButtonView.swift */ = {isa = PBXFileReference; lastKnownFileType = sourcecode.swift; path = RoundedRecButtonView.swift; sourceTree = "<group>"; };
		3DEAFFC22B109B6D004CAE97 /* UINavigationController+Extension.swift */ = {isa = PBXFileReference; lastKnownFileType = sourcecode.swift; path = "UINavigationController+Extension.swift"; sourceTree = "<group>"; };
		3DEAFFC52B10A265004CAE97 /* RecordingView.swift */ = {isa = PBXFileReference; lastKnownFileType = sourcecode.swift; path = RecordingView.swift; sourceTree = "<group>"; };
		3DEAFFC72B10D5B9004CAE97 /* RecordViewModel.swift */ = {isa = PBXFileReference; lastKnownFileType = sourcecode.swift; path = RecordViewModel.swift; sourceTree = "<group>"; };
		3DEAFFCA2B14B60D004CAE97 /* Record.swift */ = {isa = PBXFileReference; lastKnownFileType = sourcecode.swift; path = Record.swift; sourceTree = "<group>"; };
		3DEAFFCC2B14B884004CAE97 /* StorageService.swift */ = {isa = PBXFileReference; lastKnownFileType = sourcecode.swift; path = StorageService.swift; sourceTree = "<group>"; };
		3DEAFFCE2B14D236004CAE97 /* Section.swift */ = {isa = PBXFileReference; lastKnownFileType = sourcecode.swift; path = Section.swift; sourceTree = "<group>"; };
		3DEAFFD12B15F54D004CAE97 /* Formatter.swift */ = {isa = PBXFileReference; lastKnownFileType = sourcecode.swift; path = Formatter.swift; sourceTree = "<group>"; };
/* End PBXFileReference section */

/* Begin PBXFrameworksBuildPhase section */
		3DEAFF882B0F65F3004CAE97 /* Frameworks */ = {
			isa = PBXFrameworksBuildPhase;
			buildActionMask = 2147483647;
			files = (
			);
			runOnlyForDeploymentPostprocessing = 0;
		};
/* End PBXFrameworksBuildPhase section */

/* Begin PBXGroup section */
		3DEAFF822B0F65F3004CAE97 = {
			isa = PBXGroup;
			children = (
				3DEAFF8D2B0F65F3004CAE97 /* WaveRecorder */,
				3DEAFF8C2B0F65F3004CAE97 /* Products */,
			);
			sourceTree = "<group>";
		};
		3DEAFF8C2B0F65F3004CAE97 /* Products */ = {
			isa = PBXGroup;
			children = (
				3DEAFF8B2B0F65F3004CAE97 /* WaveRecorder.app */,
			);
			name = Products;
			sourceTree = "<group>";
		};
		3DEAFF8D2B0F65F3004CAE97 /* WaveRecorder */ = {
			isa = PBXGroup;
			children = (
				3DEAFF9C2B0F65F4004CAE97 /* Info.plist */,
				3DEAFFA22B0F6669004CAE97 /* App */,
				3DEAFFC92B14B5F6004CAE97 /* Entities */,
				3DEAFFB22B0F7F0B004CAE97 /* Extensions */,
				3DEAFFD02B15F53D004CAE97 /* Helpers */,
				3DEAFFA62B0F66B9004CAE97 /* Scene */,
				3DEAFFA42B0F6679004CAE97 /* Services */,
				3DEAFFA32B0F6670004CAE97 /* Resources */,
			);
			path = WaveRecorder;
			sourceTree = "<group>";
		};
		3DEAFFA22B0F6669004CAE97 /* App */ = {
			isa = PBXGroup;
			children = (
				3DEAFFAE2B0F766E004CAE97 /* Assembly.swift */,
				3DEAFF8E2B0F65F3004CAE97 /* AppDelegate.swift */,
				3DEAFF902B0F65F3004CAE97 /* SceneDelegate.swift */,
				3DEAFFA52B0F669A004CAE97 /* Base */,
			);
			path = App;
			sourceTree = "<group>";
		};
		3DEAFFA32B0F6670004CAE97 /* Resources */ = {
			isa = PBXGroup;
			children = (
				3DEAFF972B0F65F4004CAE97 /* Assets.xcassets */,
				3DEAFFA82B0F6713004CAE97 /* Resources.swift */,
			);
			path = Resources;
			sourceTree = "<group>";
		};
		3DEAFFA42B0F6679004CAE97 /* Services */ = {
			isa = PBXGroup;
			children = (
				3DEAFFCC2B14B884004CAE97 /* StorageService.swift */,
			);
			path = Services;
			sourceTree = "<group>";
		};
		3DEAFFA52B0F669A004CAE97 /* Base */ = {
			isa = PBXGroup;
			children = (
				3DEAFFAB2B0F7651004CAE97 /* BaseController.swift */,
				3DEAFFB82B0F80E0004CAE97 /* BaseCell.swift */,
				3DEAFFAA2B0F7651004CAE97 /* BaseView.swift */,
			);
			path = Base;
			sourceTree = "<group>";
		};
		3DEAFFA62B0F66B9004CAE97 /* Scene */ = {
			isa = PBXGroup;
			children = (
				3DEAFF992B0F65F4004CAE97 /* LaunchScreen.storyboard */,
				3DEAFFA72B0F66E4004CAE97 /* Main */,
			);
			path = Scene;
			sourceTree = "<group>";
		};
		3DEAFFA72B0F66E4004CAE97 /* Main */ = {
			isa = PBXGroup;
			children = (
				3DEAFFB02B0F7770004CAE97 /* MainViewModel.swift */,
				3DEAFFC72B10D5B9004CAE97 /* RecordViewModel.swift */,
				3DEAFFB72B0F80CD004CAE97 /* Views */,
			);
			path = Main;
			sourceTree = "<group>";
		};
		3DEAFFB22B0F7F0B004CAE97 /* Extensions */ = {
			isa = PBXGroup;
			children = (
				3DEAFFB32B0F7F2A004CAE97 /* UIView+Extension.swift */,
				3DEAFFC22B109B6D004CAE97 /* UINavigationController+Extension.swift */,
			);
			path = Extensions;
			sourceTree = "<group>";
		};
		3DEAFFB72B0F80CD004CAE97 /* Views */ = {
			isa = PBXGroup;
			children = (
				3DEAFF922B0F65F3004CAE97 /* MainViewController.swift */,
				3DEAFFB52B0F80C8004CAE97 /* MainTableViewCell.swift */,
				3DEAFFC42B10A244004CAE97 /* Subviews */,
			);
			path = Views;
			sourceTree = "<group>";
		};
		3DEAFFC42B10A244004CAE97 /* Subviews */ = {
			isa = PBXGroup;
			children = (
				3DEAFFC52B10A265004CAE97 /* RecordingView.swift */,
				3DEAFFC02B1092C4004CAE97 /* RoundedRecButtonView.swift */,
			);
			path = Subviews;
			sourceTree = "<group>";
		};
		3DEAFFC92B14B5F6004CAE97 /* Entities */ = {
			isa = PBXGroup;
			children = (
				3DEAFFCA2B14B60D004CAE97 /* Record.swift */,
				3DEAFFCE2B14D236004CAE97 /* Section.swift */,
			);
			path = Entities;
			sourceTree = "<group>";
		};
		3DEAFFD02B15F53D004CAE97 /* Helpers */ = {
			isa = PBXGroup;
			children = (
				3DEAFFD12B15F54D004CAE97 /* Formatter.swift */,
			);
			path = Helpers;
			sourceTree = "<group>";
		};
/* End PBXGroup section */

/* Begin PBXNativeTarget section */
		3DEAFF8A2B0F65F3004CAE97 /* WaveRecorder */ = {
			isa = PBXNativeTarget;
			buildConfigurationList = 3DEAFF9F2B0F65F4004CAE97 /* Build configuration list for PBXNativeTarget "WaveRecorder" */;
			buildPhases = (
				3DEAFF872B0F65F3004CAE97 /* Sources */,
				3DEAFF882B0F65F3004CAE97 /* Frameworks */,
				3DEAFF892B0F65F3004CAE97 /* Resources */,
			);
			buildRules = (
			);
			dependencies = (
			);
			name = WaveRecorder;
			productName = WaveRecorder;
			productReference = 3DEAFF8B2B0F65F3004CAE97 /* WaveRecorder.app */;
			productType = "com.apple.product-type.application";
		};
/* End PBXNativeTarget section */

/* Begin PBXProject section */
		3DEAFF832B0F65F3004CAE97 /* Project object */ = {
			isa = PBXProject;
			attributes = {
				BuildIndependentTargetsInParallel = 1;
				LastSwiftUpdateCheck = 1500;
				LastUpgradeCheck = 1500;
				TargetAttributes = {
					3DEAFF8A2B0F65F3004CAE97 = {
						CreatedOnToolsVersion = 15.0;
					};
				};
			};
			buildConfigurationList = 3DEAFF862B0F65F3004CAE97 /* Build configuration list for PBXProject "WaveRecorder" */;
			compatibilityVersion = "Xcode 14.0";
			developmentRegion = en;
			hasScannedForEncodings = 0;
			knownRegions = (
				en,
				Base,
			);
			mainGroup = 3DEAFF822B0F65F3004CAE97;
			productRefGroup = 3DEAFF8C2B0F65F3004CAE97 /* Products */;
			projectDirPath = "";
			projectRoot = "";
			targets = (
				3DEAFF8A2B0F65F3004CAE97 /* WaveRecorder */,
			);
		};
/* End PBXProject section */

/* Begin PBXResourcesBuildPhase section */
		3DEAFF892B0F65F3004CAE97 /* Resources */ = {
			isa = PBXResourcesBuildPhase;
			buildActionMask = 2147483647;
			files = (
				3DEAFF9B2B0F65F4004CAE97 /* LaunchScreen.storyboard in Resources */,
				3DEAFF982B0F65F4004CAE97 /* Assets.xcassets in Resources */,
			);
			runOnlyForDeploymentPostprocessing = 0;
		};
/* End PBXResourcesBuildPhase section */

/* Begin PBXSourcesBuildPhase section */
		3DEAFF872B0F65F3004CAE97 /* Sources */ = {
			isa = PBXSourcesBuildPhase;
			buildActionMask = 2147483647;
			files = (
				3DEAFF932B0F65F3004CAE97 /* MainViewController.swift in Sources */,
				3DEAFFD22B15F54D004CAE97 /* Formatter.swift in Sources */,
				3DEAFFA92B0F6713004CAE97 /* Resources.swift in Sources */,
				3DEAFFC32B109B6D004CAE97 /* UINavigationController+Extension.swift in Sources */,
				3DEAFFAC2B0F7651004CAE97 /* BaseView.swift in Sources */,
				3DEAFFB42B0F7F2A004CAE97 /* UIView+Extension.swift in Sources */,
				3DEAFFB62B0F80C8004CAE97 /* MainTableViewCell.swift in Sources */,
				3DEAFFCB2B14B60D004CAE97 /* Record.swift in Sources */,
				3DEAFFAF2B0F766E004CAE97 /* Assembly.swift in Sources */,
				3DEAFF8F2B0F65F3004CAE97 /* AppDelegate.swift in Sources */,
				3DEAFFCF2B14D236004CAE97 /* Section.swift in Sources */,
				3DEAFFC82B10D5B9004CAE97 /* RecordViewModel.swift in Sources */,
				3DEAFFB92B0F80E0004CAE97 /* BaseCell.swift in Sources */,
				3DEAFFC12B1092C4004CAE97 /* RoundedRecButtonView.swift in Sources */,
				3DEAFFCD2B14B884004CAE97 /* StorageService.swift in Sources */,
				3DEAFFC62B10A265004CAE97 /* RecordingView.swift in Sources */,
				3DEAFFAD2B0F7651004CAE97 /* BaseController.swift in Sources */,
				3DEAFF912B0F65F3004CAE97 /* SceneDelegate.swift in Sources */,
				3DEAFFB12B0F7770004CAE97 /* MainViewModel.swift in Sources */,
			);
			runOnlyForDeploymentPostprocessing = 0;
		};
/* End PBXSourcesBuildPhase section */

/* Begin PBXVariantGroup section */
		3DEAFF992B0F65F4004CAE97 /* LaunchScreen.storyboard */ = {
			isa = PBXVariantGroup;
			children = (
				3DEAFF9A2B0F65F4004CAE97 /* Base */,
			);
			name = LaunchScreen.storyboard;
			sourceTree = "<group>";
		};
/* End PBXVariantGroup section */

/* Begin XCBuildConfiguration section */
		3DEAFF9D2B0F65F4004CAE97 /* Debug */ = {
			isa = XCBuildConfiguration;
			buildSettings = {
				ALWAYS_SEARCH_USER_PATHS = NO;
				ASSETCATALOG_COMPILER_GENERATE_SWIFT_ASSET_SYMBOL_EXTENSIONS = YES;
				CLANG_ANALYZER_NONNULL = YES;
				CLANG_ANALYZER_NUMBER_OBJECT_CONVERSION = YES_AGGRESSIVE;
				CLANG_CXX_LANGUAGE_STANDARD = "gnu++20";
				CLANG_ENABLE_MODULES = YES;
				CLANG_ENABLE_OBJC_ARC = YES;
				CLANG_ENABLE_OBJC_WEAK = YES;
				CLANG_WARN_BLOCK_CAPTURE_AUTORELEASING = YES;
				CLANG_WARN_BOOL_CONVERSION = YES;
				CLANG_WARN_COMMA = YES;
				CLANG_WARN_CONSTANT_CONVERSION = YES;
				CLANG_WARN_DEPRECATED_OBJC_IMPLEMENTATIONS = YES;
				CLANG_WARN_DIRECT_OBJC_ISA_USAGE = YES_ERROR;
				CLANG_WARN_DOCUMENTATION_COMMENTS = YES;
				CLANG_WARN_EMPTY_BODY = YES;
				CLANG_WARN_ENUM_CONVERSION = YES;
				CLANG_WARN_INFINITE_RECURSION = YES;
				CLANG_WARN_INT_CONVERSION = YES;
				CLANG_WARN_NON_LITERAL_NULL_CONVERSION = YES;
				CLANG_WARN_OBJC_IMPLICIT_RETAIN_SELF = YES;
				CLANG_WARN_OBJC_LITERAL_CONVERSION = YES;
				CLANG_WARN_OBJC_ROOT_CLASS = YES_ERROR;
				CLANG_WARN_QUOTED_INCLUDE_IN_FRAMEWORK_HEADER = YES;
				CLANG_WARN_RANGE_LOOP_ANALYSIS = YES;
				CLANG_WARN_STRICT_PROTOTYPES = YES;
				CLANG_WARN_SUSPICIOUS_MOVE = YES;
				CLANG_WARN_UNGUARDED_AVAILABILITY = YES_AGGRESSIVE;
				CLANG_WARN_UNREACHABLE_CODE = YES;
				CLANG_WARN__DUPLICATE_METHOD_MATCH = YES;
				COPY_PHASE_STRIP = NO;
				DEBUG_INFORMATION_FORMAT = dwarf;
				ENABLE_STRICT_OBJC_MSGSEND = YES;
				ENABLE_TESTABILITY = YES;
				ENABLE_USER_SCRIPT_SANDBOXING = YES;
				GCC_C_LANGUAGE_STANDARD = gnu17;
				GCC_DYNAMIC_NO_PIC = NO;
				GCC_NO_COMMON_BLOCKS = YES;
				GCC_OPTIMIZATION_LEVEL = 0;
				GCC_PREPROCESSOR_DEFINITIONS = (
					"DEBUG=1",
					"$(inherited)",
				);
				GCC_WARN_64_TO_32_BIT_CONVERSION = YES;
				GCC_WARN_ABOUT_RETURN_TYPE = YES_ERROR;
				GCC_WARN_UNDECLARED_SELECTOR = YES;
				GCC_WARN_UNINITIALIZED_AUTOS = YES_AGGRESSIVE;
				GCC_WARN_UNUSED_FUNCTION = YES;
				GCC_WARN_UNUSED_VARIABLE = YES;
				IPHONEOS_DEPLOYMENT_TARGET = 17.0;
				LOCALIZATION_PREFERS_STRING_CATALOGS = YES;
				MTL_ENABLE_DEBUG_INFO = INCLUDE_SOURCE;
				MTL_FAST_MATH = YES;
				ONLY_ACTIVE_ARCH = YES;
				SDKROOT = iphoneos;
				SWIFT_ACTIVE_COMPILATION_CONDITIONS = "DEBUG $(inherited)";
				SWIFT_OPTIMIZATION_LEVEL = "-Onone";
			};
			name = Debug;
		};
		3DEAFF9E2B0F65F4004CAE97 /* Release */ = {
			isa = XCBuildConfiguration;
			buildSettings = {
				ALWAYS_SEARCH_USER_PATHS = NO;
				ASSETCATALOG_COMPILER_GENERATE_SWIFT_ASSET_SYMBOL_EXTENSIONS = YES;
				CLANG_ANALYZER_NONNULL = YES;
				CLANG_ANALYZER_NUMBER_OBJECT_CONVERSION = YES_AGGRESSIVE;
				CLANG_CXX_LANGUAGE_STANDARD = "gnu++20";
				CLANG_ENABLE_MODULES = YES;
				CLANG_ENABLE_OBJC_ARC = YES;
				CLANG_ENABLE_OBJC_WEAK = YES;
				CLANG_WARN_BLOCK_CAPTURE_AUTORELEASING = YES;
				CLANG_WARN_BOOL_CONVERSION = YES;
				CLANG_WARN_COMMA = YES;
				CLANG_WARN_CONSTANT_CONVERSION = YES;
				CLANG_WARN_DEPRECATED_OBJC_IMPLEMENTATIONS = YES;
				CLANG_WARN_DIRECT_OBJC_ISA_USAGE = YES_ERROR;
				CLANG_WARN_DOCUMENTATION_COMMENTS = YES;
				CLANG_WARN_EMPTY_BODY = YES;
				CLANG_WARN_ENUM_CONVERSION = YES;
				CLANG_WARN_INFINITE_RECURSION = YES;
				CLANG_WARN_INT_CONVERSION = YES;
				CLANG_WARN_NON_LITERAL_NULL_CONVERSION = YES;
				CLANG_WARN_OBJC_IMPLICIT_RETAIN_SELF = YES;
				CLANG_WARN_OBJC_LITERAL_CONVERSION = YES;
				CLANG_WARN_OBJC_ROOT_CLASS = YES_ERROR;
				CLANG_WARN_QUOTED_INCLUDE_IN_FRAMEWORK_HEADER = YES;
				CLANG_WARN_RANGE_LOOP_ANALYSIS = YES;
				CLANG_WARN_STRICT_PROTOTYPES = YES;
				CLANG_WARN_SUSPICIOUS_MOVE = YES;
				CLANG_WARN_UNGUARDED_AVAILABILITY = YES_AGGRESSIVE;
				CLANG_WARN_UNREACHABLE_CODE = YES;
				CLANG_WARN__DUPLICATE_METHOD_MATCH = YES;
				COPY_PHASE_STRIP = NO;
				DEBUG_INFORMATION_FORMAT = "dwarf-with-dsym";
				ENABLE_NS_ASSERTIONS = NO;
				ENABLE_STRICT_OBJC_MSGSEND = YES;
				ENABLE_USER_SCRIPT_SANDBOXING = YES;
				GCC_C_LANGUAGE_STANDARD = gnu17;
				GCC_NO_COMMON_BLOCKS = YES;
				GCC_WARN_64_TO_32_BIT_CONVERSION = YES;
				GCC_WARN_ABOUT_RETURN_TYPE = YES_ERROR;
				GCC_WARN_UNDECLARED_SELECTOR = YES;
				GCC_WARN_UNINITIALIZED_AUTOS = YES_AGGRESSIVE;
				GCC_WARN_UNUSED_FUNCTION = YES;
				GCC_WARN_UNUSED_VARIABLE = YES;
				IPHONEOS_DEPLOYMENT_TARGET = 17.0;
				LOCALIZATION_PREFERS_STRING_CATALOGS = YES;
				MTL_ENABLE_DEBUG_INFO = NO;
				MTL_FAST_MATH = YES;
				SDKROOT = iphoneos;
				SWIFT_COMPILATION_MODE = wholemodule;
				VALIDATE_PRODUCT = YES;
			};
			name = Release;
		};
		3DEAFFA02B0F65F4004CAE97 /* Debug */ = {
			isa = XCBuildConfiguration;
			buildSettings = {
				ASSETCATALOG_COMPILER_APPICON_NAME = AppIcon;
				ASSETCATALOG_COMPILER_GLOBAL_ACCENT_COLOR_NAME = AccentColor;
				CODE_SIGN_STYLE = Automatic;
				CURRENT_PROJECT_VERSION = 1;
				DEVELOPMENT_TEAM = 4PCW4NA85G;
				GENERATE_INFOPLIST_FILE = YES;
				INFOPLIST_FILE = WaveRecorder/Info.plist;
				INFOPLIST_KEY_CFBundleDisplayName = WRecorder;
				INFOPLIST_KEY_LSApplicationCategoryType = "public.app-category.utilities";
				INFOPLIST_KEY_UIApplicationSupportsIndirectInputEvents = YES;
				INFOPLIST_KEY_UILaunchStoryboardName = LaunchScreen;
				INFOPLIST_KEY_UIMainStoryboardFile = "";
				INFOPLIST_KEY_UISupportedInterfaceOrientations = UIInterfaceOrientationPortrait;
				INFOPLIST_KEY_UISupportedInterfaceOrientations_iPad = "UIInterfaceOrientationPortrait UIInterfaceOrientationPortraitUpsideDown";
				LD_RUNPATH_SEARCH_PATHS = (
					"$(inherited)",
					"@executable_path/Frameworks",
				);
				MARKETING_VERSION = 1.0;
				PRODUCT_BUNDLE_IDENTIFIER = com.steellson.waveRecorder;
				PRODUCT_NAME = "$(TARGET_NAME)";
				SUPPORTED_PLATFORMS = "iphoneos iphonesimulator";
				SUPPORTS_MACCATALYST = NO;
				SUPPORTS_MAC_DESIGNED_FOR_IPHONE_IPAD = NO;
				SWIFT_EMIT_LOC_STRINGS = YES;
				SWIFT_VERSION = 5.0;
				TARGETED_DEVICE_FAMILY = "1,2";
			};
			name = Debug;
		};
		3DEAFFA12B0F65F4004CAE97 /* Release */ = {
			isa = XCBuildConfiguration;
			buildSettings = {
				ASSETCATALOG_COMPILER_APPICON_NAME = AppIcon;
				ASSETCATALOG_COMPILER_GLOBAL_ACCENT_COLOR_NAME = AccentColor;
				CODE_SIGN_STYLE = Automatic;
				CURRENT_PROJECT_VERSION = 1;
				DEVELOPMENT_TEAM = 4PCW4NA85G;
				GENERATE_INFOPLIST_FILE = YES;
				INFOPLIST_FILE = WaveRecorder/Info.plist;
				INFOPLIST_KEY_CFBundleDisplayName = WRecorder;
				INFOPLIST_KEY_LSApplicationCategoryType = "public.app-category.utilities";
				INFOPLIST_KEY_UIApplicationSupportsIndirectInputEvents = YES;
				INFOPLIST_KEY_UILaunchStoryboardName = LaunchScreen;
				INFOPLIST_KEY_UIMainStoryboardFile = "";
				INFOPLIST_KEY_UISupportedInterfaceOrientations = UIInterfaceOrientationPortrait;
				INFOPLIST_KEY_UISupportedInterfaceOrientations_iPad = "UIInterfaceOrientationPortrait UIInterfaceOrientationPortraitUpsideDown";
				LD_RUNPATH_SEARCH_PATHS = (
					"$(inherited)",
					"@executable_path/Frameworks",
				);
				MARKETING_VERSION = 1.0;
				PRODUCT_BUNDLE_IDENTIFIER = com.steellson.waveRecorder;
				PRODUCT_NAME = "$(TARGET_NAME)";
				SUPPORTED_PLATFORMS = "iphoneos iphonesimulator";
				SUPPORTS_MACCATALYST = NO;
				SUPPORTS_MAC_DESIGNED_FOR_IPHONE_IPAD = NO;
				SWIFT_EMIT_LOC_STRINGS = YES;
				SWIFT_VERSION = 5.0;
				TARGETED_DEVICE_FAMILY = "1,2";
			};
			name = Release;
		};
/* End XCBuildConfiguration section */

/* Begin XCConfigurationList section */
		3DEAFF862B0F65F3004CAE97 /* Build configuration list for PBXProject "WaveRecorder" */ = {
			isa = XCConfigurationList;
			buildConfigurations = (
				3DEAFF9D2B0F65F4004CAE97 /* Debug */,
				3DEAFF9E2B0F65F4004CAE97 /* Release */,
			);
			defaultConfigurationIsVisible = 0;
			defaultConfigurationName = Release;
		};
		3DEAFF9F2B0F65F4004CAE97 /* Build configuration list for PBXNativeTarget "WaveRecorder" */ = {
			isa = XCConfigurationList;
			buildConfigurations = (
				3DEAFFA02B0F65F4004CAE97 /* Debug */,
				3DEAFFA12B0F65F4004CAE97 /* Release */,
			);
			defaultConfigurationIsVisible = 0;
			defaultConfigurationName = Release;
		};
/* End XCConfigurationList section */
	};
	rootObject = 3DEAFF832B0F65F3004CAE97 /* Project object */;
}
