// !$*UTF8*$!
{
	archiveVersion = 1;
	classes = {
	};
	objectVersion = 56;
	objects = {

/* Begin PBXBuildFile section */
		3D0FC3002B205B8700E10440 /* StorageService.swift in Sources */ = {isa = PBXBuildFile; fileRef = 3D0FC2FF2B205B8700E10440 /* StorageService.swift */; };
		3D682D9B2B1F297600067DFE /* RecordViewModel.swift in Sources */ = {isa = PBXBuildFile; fileRef = 3D682D982B1F297600067DFE /* RecordViewModel.swift */; };
		3D682D9C2B1F297600067DFE /* MainViewModel.swift in Sources */ = {isa = PBXBuildFile; fileRef = 3D682D992B1F297600067DFE /* MainViewModel.swift */; };
		3D682D9D2B1F297600067DFE /* MainCellViewModel.swift in Sources */ = {isa = PBXBuildFile; fileRef = 3D682D9A2B1F297600067DFE /* MainCellViewModel.swift */; };
		3D682DA32B1F29B000067DFE /* EditView.swift in Sources */ = {isa = PBXBuildFile; fileRef = 3D682DA02B1F29B000067DFE /* EditView.swift */; };
		3D682DA42B1F29B000067DFE /* MainTableViewCell.swift in Sources */ = {isa = PBXBuildFile; fileRef = 3D682DA12B1F29B000067DFE /* MainTableViewCell.swift */; };
		3D682DA52B1F29B000067DFE /* MainViewController.swift in Sources */ = {isa = PBXBuildFile; fileRef = 3D682DA22B1F29B000067DFE /* MainViewController.swift */; };
		3D682DAA2B1F29D300067DFE /* PlayTolbarButton.swift in Sources */ = {isa = PBXBuildFile; fileRef = 3D682DA82B1F29D300067DFE /* PlayTolbarButton.swift */; };
		3D682DAB2B1F29D300067DFE /* PlayToolbarView.swift in Sources */ = {isa = PBXBuildFile; fileRef = 3D682DA92B1F29D300067DFE /* PlayToolbarView.swift */; };
		3D682DAE2B1F29DA00067DFE /* RecordView.swift in Sources */ = {isa = PBXBuildFile; fileRef = 3D682DAC2B1F29DA00067DFE /* RecordView.swift */; };
		3D682DAF2B1F29DA00067DFE /* RoundedRecButtonView.swift in Sources */ = {isa = PBXBuildFile; fileRef = 3D682DAD2B1F29DA00067DFE /* RoundedRecButtonView.swift */; };
		3D7CB1092B26E2ED00F5B91F /* RecordService.swift in Sources */ = {isa = PBXBuildFile; fileRef = 3D7CB1082B26E2ED00F5B91F /* RecordService.swift */; };
		3D7CB10D2B26E69000F5B91F /* AudioService.swift in Sources */ = {isa = PBXBuildFile; fileRef = 3D7CB10C2B26E69000F5B91F /* AudioService.swift */; };
		3D7CB10F2B26F2A500F5B91F /* URLBuilder.swift in Sources */ = {isa = PBXBuildFile; fileRef = 3D7CB10E2B26F2A500F5B91F /* URLBuilder.swift */; };
		3D7CB1252B2C557A00F5B91F /* PlayViewModel.swift in Sources */ = {isa = PBXBuildFile; fileRef = 3D7CB1242B2C557A00F5B91F /* PlayViewModel.swift */; };
		3D7CB1282B2C6FB900F5B91F /* EditViewModel.swift in Sources */ = {isa = PBXBuildFile; fileRef = 3D7CB1272B2C6FB900F5B91F /* EditViewModel.swift */; };
		3DEAFF8F2B0F65F3004CAE97 /* AppDelegate.swift in Sources */ = {isa = PBXBuildFile; fileRef = 3DEAFF8E2B0F65F3004CAE97 /* AppDelegate.swift */; };
		3DEAFF912B0F65F3004CAE97 /* SceneDelegate.swift in Sources */ = {isa = PBXBuildFile; fileRef = 3DEAFF902B0F65F3004CAE97 /* SceneDelegate.swift */; };
		3DEAFF982B0F65F4004CAE97 /* Assets.xcassets in Resources */ = {isa = PBXBuildFile; fileRef = 3DEAFF972B0F65F4004CAE97 /* Assets.xcassets */; };
		3DEAFF9B2B0F65F4004CAE97 /* LaunchScreen.storyboard in Resources */ = {isa = PBXBuildFile; fileRef = 3DEAFF992B0F65F4004CAE97 /* LaunchScreen.storyboard */; };
		3DEAFFA92B0F6713004CAE97 /* Resources.swift in Sources */ = {isa = PBXBuildFile; fileRef = 3DEAFFA82B0F6713004CAE97 /* Resources.swift */; };
		3DEAFFAF2B0F766E004CAE97 /* Assembly.swift in Sources */ = {isa = PBXBuildFile; fileRef = 3DEAFFAE2B0F766E004CAE97 /* Assembly.swift */; };
		3DEAFFB42B0F7F2A004CAE97 /* UIView+Extension.swift in Sources */ = {isa = PBXBuildFile; fileRef = 3DEAFFB32B0F7F2A004CAE97 /* UIView+Extension.swift */; };
		3DEAFFC32B109B6D004CAE97 /* UINavigationController+Extension.swift in Sources */ = {isa = PBXBuildFile; fileRef = 3DEAFFC22B109B6D004CAE97 /* UINavigationController+Extension.swift */; };
		3DEAFFCB2B14B60D004CAE97 /* Record.swift in Sources */ = {isa = PBXBuildFile; fileRef = 3DEAFFCA2B14B60D004CAE97 /* Record.swift */; };
		3DEAFFD22B15F54D004CAE97 /* Formatter.swift in Sources */ = {isa = PBXBuildFile; fileRef = 3DEAFFD12B15F54D004CAE97 /* Formatter.swift */; };
		3DFCE9AE2B331FF600D27A0B /* TimeRefresher.swift in Sources */ = {isa = PBXBuildFile; fileRef = 3DFCE9AD2B331FF600D27A0B /* TimeRefresher.swift */; };
/* End PBXBuildFile section */

/* Begin PBXFileReference section */
		3D0FC2FF2B205B8700E10440 /* StorageService.swift */ = {isa = PBXFileReference; fileEncoding = 4; lastKnownFileType = sourcecode.swift; path = StorageService.swift; sourceTree = "<group>"; };
		3D682D982B1F297600067DFE /* RecordViewModel.swift */ = {isa = PBXFileReference; fileEncoding = 4; lastKnownFileType = sourcecode.swift; path = RecordViewModel.swift; sourceTree = "<group>"; };
		3D682D992B1F297600067DFE /* MainViewModel.swift */ = {isa = PBXFileReference; fileEncoding = 4; lastKnownFileType = sourcecode.swift; path = MainViewModel.swift; sourceTree = "<group>"; };
		3D682D9A2B1F297600067DFE /* MainCellViewModel.swift */ = {isa = PBXFileReference; fileEncoding = 4; lastKnownFileType = sourcecode.swift; path = MainCellViewModel.swift; sourceTree = "<group>"; };
		3D682DA02B1F29B000067DFE /* EditView.swift */ = {isa = PBXFileReference; fileEncoding = 4; lastKnownFileType = sourcecode.swift; path = EditView.swift; sourceTree = "<group>"; };
		3D682DA12B1F29B000067DFE /* MainTableViewCell.swift */ = {isa = PBXFileReference; fileEncoding = 4; lastKnownFileType = sourcecode.swift; path = MainTableViewCell.swift; sourceTree = "<group>"; };
		3D682DA22B1F29B000067DFE /* MainViewController.swift */ = {isa = PBXFileReference; fileEncoding = 4; lastKnownFileType = sourcecode.swift; path = MainViewController.swift; sourceTree = "<group>"; };
		3D682DA82B1F29D300067DFE /* PlayTolbarButton.swift */ = {isa = PBXFileReference; fileEncoding = 4; lastKnownFileType = sourcecode.swift; path = PlayTolbarButton.swift; sourceTree = "<group>"; };
		3D682DA92B1F29D300067DFE /* PlayToolbarView.swift */ = {isa = PBXFileReference; fileEncoding = 4; lastKnownFileType = sourcecode.swift; path = PlayToolbarView.swift; sourceTree = "<group>"; };
		3D682DAC2B1F29DA00067DFE /* RecordView.swift */ = {isa = PBXFileReference; fileEncoding = 4; lastKnownFileType = sourcecode.swift; path = RecordView.swift; sourceTree = "<group>"; };
		3D682DAD2B1F29DA00067DFE /* RoundedRecButtonView.swift */ = {isa = PBXFileReference; fileEncoding = 4; lastKnownFileType = sourcecode.swift; path = RoundedRecButtonView.swift; sourceTree = "<group>"; };
		3D7CB1082B26E2ED00F5B91F /* RecordService.swift */ = {isa = PBXFileReference; lastKnownFileType = sourcecode.swift; path = RecordService.swift; sourceTree = "<group>"; };
		3D7CB10C2B26E69000F5B91F /* AudioService.swift */ = {isa = PBXFileReference; fileEncoding = 4; lastKnownFileType = sourcecode.swift; path = AudioService.swift; sourceTree = "<group>"; };
		3D7CB10E2B26F2A500F5B91F /* URLBuilder.swift */ = {isa = PBXFileReference; lastKnownFileType = sourcecode.swift; path = URLBuilder.swift; sourceTree = "<group>"; };
		3D7CB1242B2C557A00F5B91F /* PlayViewModel.swift */ = {isa = PBXFileReference; lastKnownFileType = sourcecode.swift; path = PlayViewModel.swift; sourceTree = "<group>"; };
		3D7CB1272B2C6FB900F5B91F /* EditViewModel.swift */ = {isa = PBXFileReference; lastKnownFileType = sourcecode.swift; path = EditViewModel.swift; sourceTree = "<group>"; };
		3DEAFF8B2B0F65F3004CAE97 /* WaveRecorder.app */ = {isa = PBXFileReference; explicitFileType = wrapper.application; includeInIndex = 0; path = WaveRecorder.app; sourceTree = BUILT_PRODUCTS_DIR; };
		3DEAFF8E2B0F65F3004CAE97 /* AppDelegate.swift */ = {isa = PBXFileReference; lastKnownFileType = sourcecode.swift; path = AppDelegate.swift; sourceTree = "<group>"; };
		3DEAFF902B0F65F3004CAE97 /* SceneDelegate.swift */ = {isa = PBXFileReference; lastKnownFileType = sourcecode.swift; path = SceneDelegate.swift; sourceTree = "<group>"; };
		3DEAFF972B0F65F4004CAE97 /* Assets.xcassets */ = {isa = PBXFileReference; lastKnownFileType = folder.assetcatalog; path = Assets.xcassets; sourceTree = "<group>"; };
		3DEAFF9A2B0F65F4004CAE97 /* Base */ = {isa = PBXFileReference; lastKnownFileType = file.storyboard; name = Base; path = Base.lproj/LaunchScreen.storyboard; sourceTree = "<group>"; };
		3DEAFF9C2B0F65F4004CAE97 /* Info.plist */ = {isa = PBXFileReference; lastKnownFileType = text.plist.xml; path = Info.plist; sourceTree = "<group>"; };
		3DEAFFA82B0F6713004CAE97 /* Resources.swift */ = {isa = PBXFileReference; lastKnownFileType = sourcecode.swift; path = Resources.swift; sourceTree = "<group>"; };
		3DEAFFAE2B0F766E004CAE97 /* Assembly.swift */ = {isa = PBXFileReference; fileEncoding = 4; lastKnownFileType = sourcecode.swift; path = Assembly.swift; sourceTree = "<group>"; };
		3DEAFFB32B0F7F2A004CAE97 /* UIView+Extension.swift */ = {isa = PBXFileReference; fileEncoding = 4; lastKnownFileType = sourcecode.swift; path = "UIView+Extension.swift"; sourceTree = "<group>"; };
		3DEAFFC22B109B6D004CAE97 /* UINavigationController+Extension.swift */ = {isa = PBXFileReference; lastKnownFileType = sourcecode.swift; path = "UINavigationController+Extension.swift"; sourceTree = "<group>"; };
		3DEAFFCA2B14B60D004CAE97 /* Record.swift */ = {isa = PBXFileReference; lastKnownFileType = sourcecode.swift; path = Record.swift; sourceTree = "<group>"; };
		3DEAFFD12B15F54D004CAE97 /* Formatter.swift */ = {isa = PBXFileReference; lastKnownFileType = sourcecode.swift; path = Formatter.swift; sourceTree = "<group>"; };
		3DFCE9AD2B331FF600D27A0B /* TimeRefresher.swift */ = {isa = PBXFileReference; lastKnownFileType = sourcecode.swift; path = TimeRefresher.swift; sourceTree = "<group>"; };
/* End PBXFileReference section */

/* Begin PBXFrameworksBuildPhase section */
		3DEAFF882B0F65F3004CAE97 /* Frameworks */ = {
			isa = PBXFrameworksBuildPhase;
			buildActionMask = 2147483647;
			files = (
			);
			runOnlyForDeploymentPostprocessing = 0;
		};
/* End PBXFrameworksBuildPhase section */

/* Begin PBXGroup section */
		3D0FC2FE2B205B6E00E10440 /* Services */ = {
			isa = PBXGroup;
			children = (
				3D7CB10C2B26E69000F5B91F /* AudioService.swift */,
				3D7CB1082B26E2ED00F5B91F /* RecordService.swift */,
				3D0FC2FF2B205B8700E10440 /* StorageService.swift */,
			);
			path = Services;
			sourceTree = "<group>";
		};
		3D682D972B1F296900067DFE /* Modules */ = {
			isa = PBXGroup;
			children = (
				3D7CB1202B2C545900F5B91F /* Main */,
			);
			path = Modules;
			sourceTree = "<group>";
		};
		3D7CB1202B2C545900F5B91F /* Main */ = {
			isa = PBXGroup;
			children = (
				3D682D992B1F297600067DFE /* MainViewModel.swift */,
				3D682DA22B1F29B000067DFE /* MainViewController.swift */,
				3D7CB1212B2C547000F5B91F /* MainCell */,
				3D7CB1262B2C6FAB00F5B91F /* Edit */,
				3D7CB1232B2C54FD00F5B91F /* Play */,
				3D7CB1222B2C548E00F5B91F /* Record */,
			);
			path = Main;
			sourceTree = "<group>";
		};
		3D7CB1212B2C547000F5B91F /* MainCell */ = {
			isa = PBXGroup;
			children = (
				3D682D9A2B1F297600067DFE /* MainCellViewModel.swift */,
				3D682DA12B1F29B000067DFE /* MainTableViewCell.swift */,
			);
			path = MainCell;
			sourceTree = "<group>";
		};
		3D7CB1222B2C548E00F5B91F /* Record */ = {
			isa = PBXGroup;
			children = (
				3D682D982B1F297600067DFE /* RecordViewModel.swift */,
				3D682DAC2B1F29DA00067DFE /* RecordView.swift */,
				3D682DAD2B1F29DA00067DFE /* RoundedRecButtonView.swift */,
			);
			path = Record;
			sourceTree = "<group>";
		};
		3D7CB1232B2C54FD00F5B91F /* Play */ = {
			isa = PBXGroup;
			children = (
				3D7CB1242B2C557A00F5B91F /* PlayViewModel.swift */,
				3D682DA92B1F29D300067DFE /* PlayToolbarView.swift */,
				3D682DA82B1F29D300067DFE /* PlayTolbarButton.swift */,
			);
			path = Play;
			sourceTree = "<group>";
		};
		3D7CB1262B2C6FAB00F5B91F /* Edit */ = {
			isa = PBXGroup;
			children = (
				3D7CB1272B2C6FB900F5B91F /* EditViewModel.swift */,
				3D682DA02B1F29B000067DFE /* EditView.swift */,
			);
			path = Edit;
			sourceTree = "<group>";
		};
		3DEAFF822B0F65F3004CAE97 = {
			isa = PBXGroup;
			children = (
				3DEAFF8D2B0F65F3004CAE97 /* WaveRecorder */,
				3DEAFF8C2B0F65F3004CAE97 /* Products */,
			);
			sourceTree = "<group>";
		};
		3DEAFF8C2B0F65F3004CAE97 /* Products */ = {
			isa = PBXGroup;
			children = (
				3DEAFF8B2B0F65F3004CAE97 /* WaveRecorder.app */,
			);
			name = Products;
			sourceTree = "<group>";
		};
		3DEAFF8D2B0F65F3004CAE97 /* WaveRecorder */ = {
			isa = PBXGroup;
			children = (
				3DEAFF9C2B0F65F4004CAE97 /* Info.plist */,
				3DEAFFA22B0F6669004CAE97 /* App */,
				3DEAFFC92B14B5F6004CAE97 /* Entities */,
				3DEAFFB22B0F7F0B004CAE97 /* Extensions */,
				3DEAFFD02B15F53D004CAE97 /* Helpers */,
				3DEAFFA62B0F66B9004CAE97 /* Scene */,
				3D0FC2FE2B205B6E00E10440 /* Services */,
				3DEAFFA32B0F6670004CAE97 /* Resources */,
			);
			path = WaveRecorder;
			sourceTree = "<group>";
		};
		3DEAFFA22B0F6669004CAE97 /* App */ = {
			isa = PBXGroup;
			children = (
				3DEAFFAE2B0F766E004CAE97 /* Assembly.swift */,
				3DEAFF8E2B0F65F3004CAE97 /* AppDelegate.swift */,
				3DEAFF902B0F65F3004CAE97 /* SceneDelegate.swift */,
			);
			path = App;
			sourceTree = "<group>";
		};
		3DEAFFA32B0F6670004CAE97 /* Resources */ = {
			isa = PBXGroup;
			children = (
				3DEAFF972B0F65F4004CAE97 /* Assets.xcassets */,
				3DEAFFA82B0F6713004CAE97 /* Resources.swift */,
			);
			path = Resources;
			sourceTree = "<group>";
		};
		3DEAFFA62B0F66B9004CAE97 /* Scene */ = {
			isa = PBXGroup;
			children = (
				3DEAFF992B0F65F4004CAE97 /* LaunchScreen.storyboard */,
				3D682D972B1F296900067DFE /* Modules */,
			);
			path = Scene;
			sourceTree = "<group>";
		};
		3DEAFFB22B0F7F0B004CAE97 /* Extensions */ = {
			isa = PBXGroup;
			children = (
				3DEAFFB32B0F7F2A004CAE97 /* UIView+Extension.swift */,
				3DEAFFC22B109B6D004CAE97 /* UINavigationController+Extension.swift */,
			);
			path = Extensions;
			sourceTree = "<group>";
		};
		3DEAFFC92B14B5F6004CAE97 /* Entities */ = {
			isa = PBXGroup;
			children = (
				3DEAFFCA2B14B60D004CAE97 /* Record.swift */,
			);
			path = Entities;
			sourceTree = "<group>";
		};
		3DEAFFD02B15F53D004CAE97 /* Helpers */ = {
			isa = PBXGroup;
			children = (
				3DEAFFD12B15F54D004CAE97 /* Formatter.swift */,
				3D7CB10E2B26F2A500F5B91F /* URLBuilder.swift */,
				3DFCE9AD2B331FF600D27A0B /* TimeRefresher.swift */,
			);
			path = Helpers;
			sourceTree = "<group>";
		};
/* End PBXGroup section */

/* Begin PBXNativeTarget section */
		3DEAFF8A2B0F65F3004CAE97 /* WaveRecorder */ = {
			isa = PBXNativeTarget;
			buildConfigurationList = 3DEAFF9F2B0F65F4004CAE97 /* Build configuration list for PBXNativeTarget "WaveRecorder" */;
			buildPhases = (
				3DEAFF872B0F65F3004CAE97 /* Sources */,
				3DEAFF882B0F65F3004CAE97 /* Frameworks */,
				3DEAFF892B0F65F3004CAE97 /* Resources */,
			);
			buildRules = (
			);
			dependencies = (
			);
			name = WaveRecorder;
			productName = WaveRecorder;
			productReference = 3DEAFF8B2B0F65F3004CAE97 /* WaveRecorder.app */;
			productType = "com.apple.product-type.application";
		};
/* End PBXNativeTarget section */

/* Begin PBXProject section */
		3DEAFF832B0F65F3004CAE97 /* Project object */ = {
			isa = PBXProject;
			attributes = {
				BuildIndependentTargetsInParallel = 1;
				LastSwiftUpdateCheck = 1500;
				LastUpgradeCheck = 1500;
				TargetAttributes = {
					3DEAFF8A2B0F65F3004CAE97 = {
						CreatedOnToolsVersion = 15.0;
					};
				};
			};
			buildConfigurationList = 3DEAFF862B0F65F3004CAE97 /* Build configuration list for PBXProject "WaveRecorder" */;
			compatibilityVersion = "Xcode 14.0";
			developmentRegion = en;
			hasScannedForEncodings = 0;
			knownRegions = (
				en,
				Base,
			);
			mainGroup = 3DEAFF822B0F65F3004CAE97;
			productRefGroup = 3DEAFF8C2B0F65F3004CAE97 /* Products */;
			projectDirPath = "";
			projectRoot = "";
			targets = (
				3DEAFF8A2B0F65F3004CAE97 /* WaveRecorder */,
			);
		};
/* End PBXProject section */

/* Begin PBXResourcesBuildPhase section */
		3DEAFF892B0F65F3004CAE97 /* Resources */ = {
			isa = PBXResourcesBuildPhase;
			buildActionMask = 2147483647;
			files = (
				3DEAFF9B2B0F65F4004CAE97 /* LaunchScreen.storyboard in Resources */,
				3DEAFF982B0F65F4004CAE97 /* Assets.xcassets in Resources */,
			);
			runOnlyForDeploymentPostprocessing = 0;
		};
/* End PBXResourcesBuildPhase section */

/* Begin PBXSourcesBuildPhase section */
		3DEAFF872B0F65F3004CAE97 /* Sources */ = {
			isa = PBXSourcesBuildPhase;
			buildActionMask = 2147483647;
			files = (
				3D7CB1282B2C6FB900F5B91F /* EditViewModel.swift in Sources */,
				3DEAFFD22B15F54D004CAE97 /* Formatter.swift in Sources */,
				3D682D9D2B1F297600067DFE /* MainCellViewModel.swift in Sources */,
				3D7CB1252B2C557A00F5B91F /* PlayViewModel.swift in Sources */,
				3D682DAA2B1F29D300067DFE /* PlayTolbarButton.swift in Sources */,
				3D7CB10F2B26F2A500F5B91F /* URLBuilder.swift in Sources */,
				3DEAFFA92B0F6713004CAE97 /* Resources.swift in Sources */,
				3DEAFFC32B109B6D004CAE97 /* UINavigationController+Extension.swift in Sources */,
				3D7CB10D2B26E69000F5B91F /* AudioService.swift in Sources */,
				3D0FC3002B205B8700E10440 /* StorageService.swift in Sources */,
				3D682DA42B1F29B000067DFE /* MainTableViewCell.swift in Sources */,
				3DEAFFB42B0F7F2A004CAE97 /* UIView+Extension.swift in Sources */,
				3DFCE9AE2B331FF600D27A0B /* TimeRefresher.swift in Sources */,
				3D682DAE2B1F29DA00067DFE /* RecordView.swift in Sources */,
				3D682DA52B1F29B000067DFE /* MainViewController.swift in Sources */,
				3DEAFFCB2B14B60D004CAE97 /* Record.swift in Sources */,
				3D682DAF2B1F29DA00067DFE /* RoundedRecButtonView.swift in Sources */,
				3D682DAB2B1F29D300067DFE /* PlayToolbarView.swift in Sources */,
				3D682DA32B1F29B000067DFE /* EditView.swift in Sources */,
				3D7CB1092B26E2ED00F5B91F /* RecordService.swift in Sources */,
				3DEAFFAF2B0F766E004CAE97 /* Assembly.swift in Sources */,
				3D682D9B2B1F297600067DFE /* RecordViewModel.swift in Sources */,
				3DEAFF8F2B0F65F3004CAE97 /* AppDelegate.swift in Sources */,
				3DEAFF912B0F65F3004CAE97 /* SceneDelegate.swift in Sources */,
				3D682D9C2B1F297600067DFE /* MainViewModel.swift in Sources */,
			);
			runOnlyForDeploymentPostprocessing = 0;
		};
/* End PBXSourcesBuildPhase section */

/* Begin PBXVariantGroup section */
		3DEAFF992B0F65F4004CAE97 /* LaunchScreen.storyboard */ = {
			isa = PBXVariantGroup;
			children = (
				3DEAFF9A2B0F65F4004CAE97 /* Base */,
			);
			name = LaunchScreen.storyboard;
			sourceTree = "<group>";
		};
/* End PBXVariantGroup section */

/* Begin XCBuildConfiguration section */
		3DEAFF9D2B0F65F4004CAE97 /* Debug */ = {
			isa = XCBuildConfiguration;
			buildSettings = {
				ALWAYS_SEARCH_USER_PATHS = NO;
				ASSETCATALOG_COMPILER_GENERATE_SWIFT_ASSET_SYMBOL_EXTENSIONS = YES;
				CLANG_ANALYZER_NONNULL = YES;
				CLANG_ANALYZER_NUMBER_OBJECT_CONVERSION = YES_AGGRESSIVE;
				CLANG_CXX_LANGUAGE_STANDARD = "gnu++20";
				CLANG_ENABLE_MODULES = YES;
				CLANG_ENABLE_OBJC_ARC = YES;
				CLANG_ENABLE_OBJC_WEAK = YES;
				CLANG_WARN_BLOCK_CAPTURE_AUTORELEASING = YES;
				CLANG_WARN_BOOL_CONVERSION = YES;
				CLANG_WARN_COMMA = YES;
				CLANG_WARN_CONSTANT_CONVERSION = YES;
				CLANG_WARN_DEPRECATED_OBJC_IMPLEMENTATIONS = YES;
				CLANG_WARN_DIRECT_OBJC_ISA_USAGE = YES_ERROR;
				CLANG_WARN_DOCUMENTATION_COMMENTS = YES;
				CLANG_WARN_EMPTY_BODY = YES;
				CLANG_WARN_ENUM_CONVERSION = YES;
				CLANG_WARN_INFINITE_RECURSION = YES;
				CLANG_WARN_INT_CONVERSION = YES;
				CLANG_WARN_NON_LITERAL_NULL_CONVERSION = YES;
				CLANG_WARN_OBJC_IMPLICIT_RETAIN_SELF = YES;
				CLANG_WARN_OBJC_LITERAL_CONVERSION = YES;
				CLANG_WARN_OBJC_ROOT_CLASS = YES_ERROR;
				CLANG_WARN_QUOTED_INCLUDE_IN_FRAMEWORK_HEADER = YES;
				CLANG_WARN_RANGE_LOOP_ANALYSIS = YES;
				CLANG_WARN_STRICT_PROTOTYPES = YES;
				CLANG_WARN_SUSPICIOUS_MOVE = YES;
				CLANG_WARN_UNGUARDED_AVAILABILITY = YES_AGGRESSIVE;
				CLANG_WARN_UNREACHABLE_CODE = YES;
				CLANG_WARN__DUPLICATE_METHOD_MATCH = YES;
				COPY_PHASE_STRIP = NO;
				DEBUG_INFORMATION_FORMAT = dwarf;
				ENABLE_STRICT_OBJC_MSGSEND = YES;
				ENABLE_TESTABILITY = YES;
				ENABLE_USER_SCRIPT_SANDBOXING = YES;
				GCC_C_LANGUAGE_STANDARD = gnu17;
				GCC_DYNAMIC_NO_PIC = NO;
				GCC_NO_COMMON_BLOCKS = YES;
				GCC_OPTIMIZATION_LEVEL = 0;
				GCC_PREPROCESSOR_DEFINITIONS = (
					"DEBUG=1",
					"$(inherited)",
				);
				GCC_WARN_64_TO_32_BIT_CONVERSION = YES;
				GCC_WARN_ABOUT_RETURN_TYPE = YES_ERROR;
				GCC_WARN_UNDECLARED_SELECTOR = YES;
				GCC_WARN_UNINITIALIZED_AUTOS = YES_AGGRESSIVE;
				GCC_WARN_UNUSED_FUNCTION = YES;
				GCC_WARN_UNUSED_VARIABLE = YES;
				IPHONEOS_DEPLOYMENT_TARGET = 17.0;
				LOCALIZATION_PREFERS_STRING_CATALOGS = YES;
				MTL_ENABLE_DEBUG_INFO = INCLUDE_SOURCE;
				MTL_FAST_MATH = YES;
				ONLY_ACTIVE_ARCH = YES;
				SDKROOT = iphoneos;
				SWIFT_ACTIVE_COMPILATION_CONDITIONS = "DEBUG $(inherited)";
				SWIFT_OPTIMIZATION_LEVEL = "-Onone";
			};
			name = Debug;
		};
		3DEAFF9E2B0F65F4004CAE97 /* Release */ = {
			isa = XCBuildConfiguration;
			buildSettings = {
				ALWAYS_SEARCH_USER_PATHS = NO;
				ASSETCATALOG_COMPILER_GENERATE_SWIFT_ASSET_SYMBOL_EXTENSIONS = YES;
				CLANG_ANALYZER_NONNULL = YES;
				CLANG_ANALYZER_NUMBER_OBJECT_CONVERSION = YES_AGGRESSIVE;
				CLANG_CXX_LANGUAGE_STANDARD = "gnu++20";
				CLANG_ENABLE_MODULES = YES;
				CLANG_ENABLE_OBJC_ARC = YES;
				CLANG_ENABLE_OBJC_WEAK = YES;
				CLANG_WARN_BLOCK_CAPTURE_AUTORELEASING = YES;
				CLANG_WARN_BOOL_CONVERSION = YES;
				CLANG_WARN_COMMA = YES;
				CLANG_WARN_CONSTANT_CONVERSION = YES;
				CLANG_WARN_DEPRECATED_OBJC_IMPLEMENTATIONS = YES;
				CLANG_WARN_DIRECT_OBJC_ISA_USAGE = YES_ERROR;
				CLANG_WARN_DOCUMENTATION_COMMENTS = YES;
				CLANG_WARN_EMPTY_BODY = YES;
				CLANG_WARN_ENUM_CONVERSION = YES;
				CLANG_WARN_INFINITE_RECURSION = YES;
				CLANG_WARN_INT_CONVERSION = YES;
				CLANG_WARN_NON_LITERAL_NULL_CONVERSION = YES;
				CLANG_WARN_OBJC_IMPLICIT_RETAIN_SELF = YES;
				CLANG_WARN_OBJC_LITERAL_CONVERSION = YES;
				CLANG_WARN_OBJC_ROOT_CLASS = YES_ERROR;
				CLANG_WARN_QUOTED_INCLUDE_IN_FRAMEWORK_HEADER = YES;
				CLANG_WARN_RANGE_LOOP_ANALYSIS = YES;
				CLANG_WARN_STRICT_PROTOTYPES = YES;
				CLANG_WARN_SUSPICIOUS_MOVE = YES;
				CLANG_WARN_UNGUARDED_AVAILABILITY = YES_AGGRESSIVE;
				CLANG_WARN_UNREACHABLE_CODE = YES;
				CLANG_WARN__DUPLICATE_METHOD_MATCH = YES;
				COPY_PHASE_STRIP = NO;
				DEBUG_INFORMATION_FORMAT = "dwarf-with-dsym";
				ENABLE_NS_ASSERTIONS = NO;
				ENABLE_STRICT_OBJC_MSGSEND = YES;
				ENABLE_USER_SCRIPT_SANDBOXING = YES;
				GCC_C_LANGUAGE_STANDARD = gnu17;
				GCC_NO_COMMON_BLOCKS = YES;
				GCC_WARN_64_TO_32_BIT_CONVERSION = YES;
				GCC_WARN_ABOUT_RETURN_TYPE = YES_ERROR;
				GCC_WARN_UNDECLARED_SELECTOR = YES;
				GCC_WARN_UNINITIALIZED_AUTOS = YES_AGGRESSIVE;
				GCC_WARN_UNUSED_FUNCTION = YES;
				GCC_WARN_UNUSED_VARIABLE = YES;
				IPHONEOS_DEPLOYMENT_TARGET = 17.0;
				LOCALIZATION_PREFERS_STRING_CATALOGS = YES;
				MTL_ENABLE_DEBUG_INFO = NO;
				MTL_FAST_MATH = YES;
				SDKROOT = iphoneos;
				SWIFT_COMPILATION_MODE = wholemodule;
				VALIDATE_PRODUCT = YES;
			};
			name = Release;
		};
		3DEAFFA02B0F65F4004CAE97 /* Debug */ = {
			isa = XCBuildConfiguration;
			buildSettings = {
				ASSETCATALOG_COMPILER_APPICON_NAME = AppIcon;
				ASSETCATALOG_COMPILER_GLOBAL_ACCENT_COLOR_NAME = AccentColor;
				CODE_SIGN_STYLE = Automatic;
				CURRENT_PROJECT_VERSION = 1;
				DEVELOPMENT_TEAM = 4PCW4NA85G;
				GENERATE_INFOPLIST_FILE = YES;
				INFOPLIST_FILE = WaveRecorder/Info.plist;
				INFOPLIST_KEY_CFBundleDisplayName = WRecorder;
				INFOPLIST_KEY_LSApplicationCategoryType = "public.app-category.utilities";
				INFOPLIST_KEY_UIApplicationSupportsIndirectInputEvents = YES;
				INFOPLIST_KEY_UILaunchStoryboardName = LaunchScreen;
				INFOPLIST_KEY_UIMainStoryboardFile = "";
				INFOPLIST_KEY_UISupportedInterfaceOrientations = UIInterfaceOrientationPortrait;
				INFOPLIST_KEY_UISupportedInterfaceOrientations_iPad = "UIInterfaceOrientationPortrait UIInterfaceOrientationPortraitUpsideDown";
				LD_RUNPATH_SEARCH_PATHS = (
					"$(inherited)",
					"@executable_path/Frameworks",
				);
				MARKETING_VERSION = 1.0;
				PRODUCT_BUNDLE_IDENTIFIER = com.steellson.waveRecorder;
				PRODUCT_NAME = "$(TARGET_NAME)";
				SUPPORTED_PLATFORMS = "iphoneos iphonesimulator";
				SUPPORTS_MACCATALYST = NO;
				SUPPORTS_MAC_DESIGNED_FOR_IPHONE_IPAD = NO;
				SWIFT_EMIT_LOC_STRINGS = YES;
				SWIFT_VERSION = 5.0;
				TARGETED_DEVICE_FAMILY = "1,2";
			};
			name = Debug;
		};
		3DEAFFA12B0F65F4004CAE97 /* Release */ = {
			isa = XCBuildConfiguration;
			buildSettings = {
				ASSETCATALOG_COMPILER_APPICON_NAME = AppIcon;
				ASSETCATALOG_COMPILER_GLOBAL_ACCENT_COLOR_NAME = AccentColor;
				CODE_SIGN_STYLE = Automatic;
				CURRENT_PROJECT_VERSION = 1;
				DEVELOPMENT_TEAM = 4PCW4NA85G;
				GENERATE_INFOPLIST_FILE = YES;
				INFOPLIST_FILE = WaveRecorder/Info.plist;
				INFOPLIST_KEY_CFBundleDisplayName = WRecorder;
				INFOPLIST_KEY_LSApplicationCategoryType = "public.app-category.utilities";
				INFOPLIST_KEY_UIApplicationSupportsIndirectInputEvents = YES;
				INFOPLIST_KEY_UILaunchStoryboardName = LaunchScreen;
				INFOPLIST_KEY_UIMainStoryboardFile = "";
				INFOPLIST_KEY_UISupportedInterfaceOrientations = UIInterfaceOrientationPortrait;
				INFOPLIST_KEY_UISupportedInterfaceOrientations_iPad = "UIInterfaceOrientationPortrait UIInterfaceOrientationPortraitUpsideDown";
				LD_RUNPATH_SEARCH_PATHS = (
					"$(inherited)",
					"@executable_path/Frameworks",
				);
				MARKETING_VERSION = 1.0;
				PRODUCT_BUNDLE_IDENTIFIER = com.steellson.waveRecorder;
				PRODUCT_NAME = "$(TARGET_NAME)";
				SUPPORTED_PLATFORMS = "iphoneos iphonesimulator";
				SUPPORTS_MACCATALYST = NO;
				SUPPORTS_MAC_DESIGNED_FOR_IPHONE_IPAD = NO;
				SWIFT_EMIT_LOC_STRINGS = YES;
				SWIFT_VERSION = 5.0;
				TARGETED_DEVICE_FAMILY = "1,2";
			};
			name = Release;
		};
/* End XCBuildConfiguration section */

/* Begin XCConfigurationList section */
		3DEAFF862B0F65F3004CAE97 /* Build configuration list for PBXProject "WaveRecorder" */ = {
			isa = XCConfigurationList;
			buildConfigurations = (
				3DEAFF9D2B0F65F4004CAE97 /* Debug */,
				3DEAFF9E2B0F65F4004CAE97 /* Release */,
			);
			defaultConfigurationIsVisible = 0;
			defaultConfigurationName = Release;
		};
		3DEAFF9F2B0F65F4004CAE97 /* Build configuration list for PBXNativeTarget "WaveRecorder" */ = {
			isa = XCConfigurationList;
			buildConfigurations = (
				3DEAFFA02B0F65F4004CAE97 /* Debug */,
				3DEAFFA12B0F65F4004CAE97 /* Release */,
			);
			defaultConfigurationIsVisible = 0;
			defaultConfigurationName = Release;
		};
/* End XCConfigurationList section */
	};
	rootObject = 3DEAFF832B0F65F3004CAE97 /* Project object */;
}
